// !$*UTF8*$!
{
	archiveVersion = 1;
	classes = {
	};
	objectVersion = 46;
	objects = {

/* Begin PBXBuildFile section */
		292977541E67C67B00462DCB /* main.m in Sources */ = {isa = PBXBuildFile; fileRef = 292977531E67C67B00462DCB /* main.m */; };
		292977571E67C67B00462DCB /* AppDelegate.m in Sources */ = {isa = PBXBuildFile; fileRef = 292977561E67C67B00462DCB /* AppDelegate.m */; };
		2929775A1E67C67B00462DCB /* ViewController.m in Sources */ = {isa = PBXBuildFile; fileRef = 292977591E67C67B00462DCB /* ViewController.m */; };
		2929775D1E67C67B00462DCB /* Main.storyboard in Resources */ = {isa = PBXBuildFile; fileRef = 2929775B1E67C67B00462DCB /* Main.storyboard */; };
		2929775F1E67C67B00462DCB /* Assets.xcassets in Resources */ = {isa = PBXBuildFile; fileRef = 2929775E1E67C67B00462DCB /* Assets.xcassets */; };
		292977621E67C67B00462DCB /* LaunchScreen.storyboard in Resources */ = {isa = PBXBuildFile; fileRef = 292977601E67C67B00462DCB /* LaunchScreen.storyboard */; };
		2929776B1E6808A100462DCB /* SBNAnimationUtility.m in Sources */ = {isa = PBXBuildFile; fileRef = 2929776A1E6808A100462DCB /* SBNAnimationUtility.m */; };
		2929776E1E682B5200462DCB /* SBNGifBox.m in Sources */ = {isa = PBXBuildFile; fileRef = 2929776D1E682B5200462DCB /* SBNGifBox.m */; };
		292977711E682BA300462DCB /* SBNBeanScore.m in Sources */ = {isa = PBXBuildFile; fileRef = 292977701E682BA300462DCB /* SBNBeanScore.m */; };
		292977741E6830CB00462DCB /* BoxViewController.m in Sources */ = {isa = PBXBuildFile; fileRef = 292977731E6830CB00462DCB /* BoxViewController.m */; };
		292977761E69687700462DCB /* Reveal.framework in Frameworks */ = {isa = PBXBuildFile; fileRef = 292977751E69687700462DCB /* Reveal.framework */; };
		292977791E6968AB00462DCB /* libz.tbd in Frameworks */ = {isa = PBXBuildFile; fileRef = 292977781E6968AB00462DCB /* libz.tbd */; };
		2929777B1E6968B200462DCB /* CFNetwork.framework in Frameworks */ = {isa = PBXBuildFile; fileRef = 2929777A1E6968B200462DCB /* CFNetwork.framework */; };
		2929777D1E6968BA00462DCB /* QuartzCore.framework in Frameworks */ = {isa = PBXBuildFile; fileRef = 2929777C1E6968BA00462DCB /* QuartzCore.framework */; };
		2929777F1E6968C300462DCB /* CoreGraphics.framework in Frameworks */ = {isa = PBXBuildFile; fileRef = 2929777E1E6968C300462DCB /* CoreGraphics.framework */; };
/* End PBXBuildFile section */

/* Begin PBXFileReference section */
		2929774F1E67C67B00462DCB /* AnimationDemo.app */ = {isa = PBXFileReference; explicitFileType = wrapper.application; includeInIndex = 0; path = AnimationDemo.app; sourceTree = BUILT_PRODUCTS_DIR; };
		292977531E67C67B00462DCB /* main.m */ = {isa = PBXFileReference; lastKnownFileType = sourcecode.c.objc; path = main.m; sourceTree = "<group>"; };
		292977551E67C67B00462DCB /* AppDelegate.h */ = {isa = PBXFileReference; lastKnownFileType = sourcecode.c.h; path = AppDelegate.h; sourceTree = "<group>"; };
		292977561E67C67B00462DCB /* AppDelegate.m */ = {isa = PBXFileReference; lastKnownFileType = sourcecode.c.objc; path = AppDelegate.m; sourceTree = "<group>"; };
		292977581E67C67B00462DCB /* ViewController.h */ = {isa = PBXFileReference; lastKnownFileType = sourcecode.c.h; path = ViewController.h; sourceTree = "<group>"; };
		292977591E67C67B00462DCB /* ViewController.m */ = {isa = PBXFileReference; lastKnownFileType = sourcecode.c.objc; path = ViewController.m; sourceTree = "<group>"; };
		2929775C1E67C67B00462DCB /* Base */ = {isa = PBXFileReference; lastKnownFileType = file.storyboard; name = Base; path = Base.lproj/Main.storyboard; sourceTree = "<group>"; };
		2929775E1E67C67B00462DCB /* Assets.xcassets */ = {isa = PBXFileReference; lastKnownFileType = folder.assetcatalog; path = Assets.xcassets; sourceTree = "<group>"; };
		292977611E67C67B00462DCB /* Base */ = {isa = PBXFileReference; lastKnownFileType = file.storyboard; name = Base; path = Base.lproj/LaunchScreen.storyboard; sourceTree = "<group>"; };
		292977631E67C67B00462DCB /* Info.plist */ = {isa = PBXFileReference; lastKnownFileType = text.plist.xml; path = Info.plist; sourceTree = "<group>"; };
		292977691E6808A100462DCB /* SBNAnimationUtility.h */ = {isa = PBXFileReference; fileEncoding = 4; lastKnownFileType = sourcecode.c.h; path = SBNAnimationUtility.h; sourceTree = "<group>"; };
		2929776A1E6808A100462DCB /* SBNAnimationUtility.m */ = {isa = PBXFileReference; fileEncoding = 4; lastKnownFileType = sourcecode.c.objc; path = SBNAnimationUtility.m; sourceTree = "<group>"; };
		2929776C1E682B5200462DCB /* SBNGifBox.h */ = {isa = PBXFileReference; fileEncoding = 4; lastKnownFileType = sourcecode.c.h; path = SBNGifBox.h; sourceTree = "<group>"; };
		2929776D1E682B5200462DCB /* SBNGifBox.m */ = {isa = PBXFileReference; fileEncoding = 4; lastKnownFileType = sourcecode.c.objc; path = SBNGifBox.m; sourceTree = "<group>"; };
		2929776F1E682BA300462DCB /* SBNBeanScore.h */ = {isa = PBXFileReference; fileEncoding = 4; lastKnownFileType = sourcecode.c.h; path = SBNBeanScore.h; sourceTree = "<group>"; };
		292977701E682BA300462DCB /* SBNBeanScore.m */ = {isa = PBXFileReference; fileEncoding = 4; lastKnownFileType = sourcecode.c.objc; path = SBNBeanScore.m; sourceTree = "<group>"; };
		292977721E6830CB00462DCB /* BoxViewController.h */ = {isa = PBXFileReference; fileEncoding = 4; lastKnownFileType = sourcecode.c.h; path = BoxViewController.h; sourceTree = "<group>"; };
		292977731E6830CB00462DCB /* BoxViewController.m */ = {isa = PBXFileReference; fileEncoding = 4; lastKnownFileType = sourcecode.c.objc; path = BoxViewController.m; sourceTree = "<group>"; };
		292977751E69687700462DCB /* Reveal.framework */ = {isa = PBXFileReference; lastKnownFileType = wrapper.framework; path = Reveal.framework; sourceTree = "<group>"; };
		292977781E6968AB00462DCB /* libz.tbd */ = {isa = PBXFileReference; lastKnownFileType = "sourcecode.text-based-dylib-definition"; name = libz.tbd; path = usr/lib/libz.tbd; sourceTree = SDKROOT; };
		2929777A1E6968B200462DCB /* CFNetwork.framework */ = {isa = PBXFileReference; lastKnownFileType = wrapper.framework; name = CFNetwork.framework; path = System/Library/Frameworks/CFNetwork.framework; sourceTree = SDKROOT; };
		2929777C1E6968BA00462DCB /* QuartzCore.framework */ = {isa = PBXFileReference; lastKnownFileType = wrapper.framework; name = QuartzCore.framework; path = System/Library/Frameworks/QuartzCore.framework; sourceTree = SDKROOT; };
		2929777E1E6968C300462DCB /* CoreGraphics.framework */ = {isa = PBXFileReference; lastKnownFileType = wrapper.framework; name = CoreGraphics.framework; path = System/Library/Frameworks/CoreGraphics.framework; sourceTree = SDKROOT; };
/* End PBXFileReference section */

/* Begin PBXFrameworksBuildPhase section */
		2929774C1E67C67B00462DCB /* Frameworks */ = {
			isa = PBXFrameworksBuildPhase;
			buildActionMask = 2147483647;
			files = (
				2929777F1E6968C300462DCB /* CoreGraphics.framework in Frameworks */,
				2929777D1E6968BA00462DCB /* QuartzCore.framework in Frameworks */,
				2929777B1E6968B200462DCB /* CFNetwork.framework in Frameworks */,
				292977791E6968AB00462DCB /* libz.tbd in Frameworks */,
				292977761E69687700462DCB /* Reveal.framework in Frameworks */,
			);
			runOnlyForDeploymentPostprocessing = 0;
		};
/* End PBXFrameworksBuildPhase section */

/* Begin PBXGroup section */
		292977461E67C67B00462DCB = {
			isa = PBXGroup;
			children = (
				292977751E69687700462DCB /* Reveal.framework */,
				292977511E67C67B00462DCB /* AnimationDemo */,
				292977501E67C67B00462DCB /* Products */,
				292977771E6968AB00462DCB /* Frameworks */,
			);
			sourceTree = "<group>";
		};
		292977501E67C67B00462DCB /* Products */ = {
			isa = PBXGroup;
			children = (
				2929774F1E67C67B00462DCB /* AnimationDemo.app */,
			);
			name = Products;
			sourceTree = "<group>";
		};
		292977511E67C67B00462DCB /* AnimationDemo */ = {
			isa = PBXGroup;
			children = (
				292977551E67C67B00462DCB /* AppDelegate.h */,
				292977561E67C67B00462DCB /* AppDelegate.m */,
				292977581E67C67B00462DCB /* ViewController.h */,
				292977591E67C67B00462DCB /* ViewController.m */,
				292977721E6830CB00462DCB /* BoxViewController.h */,
				292977731E6830CB00462DCB /* BoxViewController.m */,
				2929776F1E682BA300462DCB /* SBNBeanScore.h */,
				292977701E682BA300462DCB /* SBNBeanScore.m */,
				2929776C1E682B5200462DCB /* SBNGifBox.h */,
				2929776D1E682B5200462DCB /* SBNGifBox.m */,
				292977691E6808A100462DCB /* SBNAnimationUtility.h */,
				2929776A1E6808A100462DCB /* SBNAnimationUtility.m */,
				2929775B1E67C67B00462DCB /* Main.storyboard */,
				2929775E1E67C67B00462DCB /* Assets.xcassets */,
				292977601E67C67B00462DCB /* LaunchScreen.storyboard */,
				292977631E67C67B00462DCB /* Info.plist */,
				292977521E67C67B00462DCB /* Supporting Files */,
			);
			path = AnimationDemo;
			sourceTree = "<group>";
		};
		292977521E67C67B00462DCB /* Supporting Files */ = {
			isa = PBXGroup;
			children = (
				292977531E67C67B00462DCB /* main.m */,
			);
			name = "Supporting Files";
			sourceTree = "<group>";
		};
		292977771E6968AB00462DCB /* Frameworks */ = {
			isa = PBXGroup;
			children = (
				2929777E1E6968C300462DCB /* CoreGraphics.framework */,
				2929777C1E6968BA00462DCB /* QuartzCore.framework */,
				2929777A1E6968B200462DCB /* CFNetwork.framework */,
				292977781E6968AB00462DCB /* libz.tbd */,
			);
			name = Frameworks;
			sourceTree = "<group>";
		};
/* End PBXGroup section */

/* Begin PBXNativeTarget section */
		2929774E1E67C67B00462DCB /* AnimationDemo */ = {
			isa = PBXNativeTarget;
			buildConfigurationList = 292977661E67C67B00462DCB /* Build configuration list for PBXNativeTarget "AnimationDemo" */;
			buildPhases = (
				2929774B1E67C67B00462DCB /* Sources */,
				2929774C1E67C67B00462DCB /* Frameworks */,
				2929774D1E67C67B00462DCB /* Resources */,
			);
			buildRules = (
			);
			dependencies = (
			);
			name = AnimationDemo;
			productName = AnimationDemo;
			productReference = 2929774F1E67C67B00462DCB /* AnimationDemo.app */;
			productType = "com.apple.product-type.application";
		};
/* End PBXNativeTarget section */

/* Begin PBXProject section */
		292977471E67C67B00462DCB /* Project object */ = {
			isa = PBXProject;
			attributes = {
				LastUpgradeCheck = 0820;
				ORGANIZATIONNAME = jinkai;
				TargetAttributes = {
					2929774E1E67C67B00462DCB = {
						CreatedOnToolsVersion = 8.2.1;
						DevelopmentTeam = DW37L9ATXF;
						ProvisioningStyle = Automatic;
					};
				};
			};
			buildConfigurationList = 2929774A1E67C67B00462DCB /* Build configuration list for PBXProject "AnimationDemo" */;
			compatibilityVersion = "Xcode 3.2";
			developmentRegion = English;
			hasScannedForEncodings = 0;
			knownRegions = (
				en,
				Base,
			);
			mainGroup = 292977461E67C67B00462DCB;
			productRefGroup = 292977501E67C67B00462DCB /* Products */;
			projectDirPath = "";
			projectRoot = "";
			targets = (
				2929774E1E67C67B00462DCB /* AnimationDemo */,
			);
		};
/* End PBXProject section */

/* Begin PBXResourcesBuildPhase section */
		2929774D1E67C67B00462DCB /* Resources */ = {
			isa = PBXResourcesBuildPhase;
			buildActionMask = 2147483647;
			files = (
				292977621E67C67B00462DCB /* LaunchScreen.storyboard in Resources */,
				2929775F1E67C67B00462DCB /* Assets.xcassets in Resources */,
				2929775D1E67C67B00462DCB /* Main.storyboard in Resources */,
			);
			runOnlyForDeploymentPostprocessing = 0;
		};
/* End PBXResourcesBuildPhase section */

/* Begin PBXSourcesBuildPhase section */
		2929774B1E67C67B00462DCB /* Sources */ = {
			isa = PBXSourcesBuildPhase;
			buildActionMask = 2147483647;
			files = (
				292977741E6830CB00462DCB /* BoxViewController.m in Sources */,
				292977711E682BA300462DCB /* SBNBeanScore.m in Sources */,
				2929776E1E682B5200462DCB /* SBNGifBox.m in Sources */,
				2929776B1E6808A100462DCB /* SBNAnimationUtility.m in Sources */,
				2929775A1E67C67B00462DCB /* ViewController.m in Sources */,
				292977571E67C67B00462DCB /* AppDelegate.m in Sources */,
				292977541E67C67B00462DCB /* main.m in Sources */,
			);
			runOnlyForDeploymentPostprocessing = 0;
		};
/* End PBXSourcesBuildPhase section */

/* Begin PBXVariantGroup section */
		2929775B1E67C67B00462DCB /* Main.storyboard */ = {
			isa = PBXVariantGroup;
			children = (
				2929775C1E67C67B00462DCB /* Base */,
			);
			name = Main.storyboard;
			sourceTree = "<group>";
		};
		292977601E67C67B00462DCB /* LaunchScreen.storyboard */ = {
			isa = PBXVariantGroup;
			children = (
				292977611E67C67B00462DCB /* Base */,
			);
			name = LaunchScreen.storyboard;
			sourceTree = "<group>";
		};
/* End PBXVariantGroup section */

/* Begin XCBuildConfiguration section */
		292977641E67C67B00462DCB /* Debug */ = {
			isa = XCBuildConfiguration;
			buildSettings = {
				ALWAYS_SEARCH_USER_PATHS = NO;
				CLANG_ANALYZER_NONNULL = YES;
				CLANG_CXX_LANGUAGE_STANDARD = "gnu++0x";
				CLANG_CXX_LIBRARY = "libc++";
				CLANG_ENABLE_MODULES = YES;
				CLANG_ENABLE_OBJC_ARC = YES;
				CLANG_WARN_BOOL_CONVERSION = YES;
				CLANG_WARN_CONSTANT_CONVERSION = YES;
				CLANG_WARN_DIRECT_OBJC_ISA_USAGE = YES_ERROR;
				CLANG_WARN_DOCUMENTATION_COMMENTS = YES;
				CLANG_WARN_EMPTY_BODY = YES;
				CLANG_WARN_ENUM_CONVERSION = YES;
				CLANG_WARN_INFINITE_RECURSION = YES;
				CLANG_WARN_INT_CONVERSION = YES;
				CLANG_WARN_OBJC_ROOT_CLASS = YES_ERROR;
				CLANG_WARN_SUSPICIOUS_MOVE = YES;
				CLANG_WARN_UNREACHABLE_CODE = YES;
				CLANG_WARN__DUPLICATE_METHOD_MATCH = YES;
				"CODE_SIGN_IDENTITY[sdk=iphoneos*]" = "iPhone Developer";
				COPY_PHASE_STRIP = NO;
				DEBUG_INFORMATION_FORMAT = dwarf;
				ENABLE_STRICT_OBJC_MSGSEND = YES;
				ENABLE_TESTABILITY = YES;
				GCC_C_LANGUAGE_STANDARD = gnu99;
				GCC_DYNAMIC_NO_PIC = NO;
				GCC_NO_COMMON_BLOCKS = YES;
				GCC_OPTIMIZATION_LEVEL = 0;
				GCC_PREPROCESSOR_DEFINITIONS = (
					"DEBUG=1",
					"$(inherited)",
				);
				GCC_WARN_64_TO_32_BIT_CONVERSION = YES;
				GCC_WARN_ABOUT_RETURN_TYPE = YES_ERROR;
				GCC_WARN_UNDECLARED_SELECTOR = YES;
				GCC_WARN_UNINITIALIZED_AUTOS = YES_AGGRESSIVE;
				GCC_WARN_UNUSED_FUNCTION = YES;
				GCC_WARN_UNUSED_VARIABLE = YES;
				IPHONEOS_DEPLOYMENT_TARGET = 10.2;
				MTL_ENABLE_DEBUG_INFO = YES;
				ONLY_ACTIVE_ARCH = YES;
				SDKROOT = iphoneos;
				TARGETED_DEVICE_FAMILY = "1,2";
			};
			name = Debug;
		};
		292977651E67C67B00462DCB /* Release */ = {
			isa = XCBuildConfiguration;
			buildSettings = {
				ALWAYS_SEARCH_USER_PATHS = NO;
				CLANG_ANALYZER_NONNULL = YES;
				CLANG_CXX_LANGUAGE_STANDARD = "gnu++0x";
				CLANG_CXX_LIBRARY = "libc++";
				CLANG_ENABLE_MODULES = YES;
				CLANG_ENABLE_OBJC_ARC = YES;
				CLANG_WARN_BOOL_CONVERSION = YES;
				CLANG_WARN_CONSTANT_CONVERSION = YES;
				CLANG_WARN_DIRECT_OBJC_ISA_USAGE = YES_ERROR;
				CLANG_WARN_DOCUMENTATION_COMMENTS = YES;
				CLANG_WARN_EMPTY_BODY = YES;
				CLANG_WARN_ENUM_CONVERSION = YES;
				CLANG_WARN_INFINITE_RECURSION = YES;
				CLANG_WARN_INT_CONVERSION = YES;
				CLANG_WARN_OBJC_ROOT_CLASS = YES_ERROR;
				CLANG_WARN_SUSPICIOUS_MOVE = YES;
				CLANG_WARN_UNREACHABLE_CODE = YES;
				CLANG_WARN__DUPLICATE_METHOD_MATCH = YES;
				"CODE_SIGN_IDENTITY[sdk=iphoneos*]" = "iPhone Developer";
				COPY_PHASE_STRIP = NO;
				DEBUG_INFORMATION_FORMAT = "dwarf-with-dsym";
				ENABLE_NS_ASSERTIONS = NO;
				ENABLE_STRICT_OBJC_MSGSEND = YES;
				GCC_C_LANGUAGE_STANDARD = gnu99;
				GCC_NO_COMMON_BLOCKS = YES;
				GCC_WARN_64_TO_32_BIT_CONVERSION = YES;
				GCC_WARN_ABOUT_RETURN_TYPE = YES_ERROR;
				GCC_WARN_UNDECLARED_SELECTOR = YES;
				GCC_WARN_UNINITIALIZED_AUTOS = YES_AGGRESSIVE;
				GCC_WARN_UNUSED_FUNCTION = YES;
				GCC_WARN_UNUSED_VARIABLE = YES;
				IPHONEOS_DEPLOYMENT_TARGET = 10.2;
				MTL_ENABLE_DEBUG_INFO = NO;
				SDKROOT = iphoneos;
				TARGETED_DEVICE_FAMILY = "1,2";
				VALIDATE_PRODUCT = YES;
			};
			name = Release;
		};
		292977671E67C67B00462DCB /* Debug */ = {
			isa = XCBuildConfiguration;
			buildSettings = {
				ASSETCATALOG_COMPILER_APPICON_NAME = AppIcon;
				DEVELOPMENT_TEAM = DW37L9ATXF;
				FRAMEWORK_SEARCH_PATHS = (
					"$(inherited)",
					"$(PROJECT_DIR)",
					"\"$(SYSTEM_APPS_DIR)/Reveal.app/Contents/SharedSupport/iOS-Libraries\"",
				);
				INFOPLIST_FILE = AnimationDemo/Info.plist;
				LD_RUNPATH_SEARCH_PATHS = "$(inherited) @executable_path/Frameworks";
				OTHER_LDFLAGS = (
					"-ObjC",
					"-lz",
					"-framework",
					Reveal,
				);
				PRODUCT_BUNDLE_IDENTIFIER = com.sohu.AnimationDemo;
				PRODUCT_NAME = "$(TARGET_NAME)";
			};
			name = Debug;
		};
		292977681E67C67B00462DCB /* Release */ = {
			isa = XCBuildConfiguration;
			buildSettings = {
				ASSETCATALOG_COMPILER_APPICON_NAME = AppIcon;
				DEVELOPMENT_TEAM = DW37L9ATXF;
				FRAMEWORK_SEARCH_PATHS = (
					"$(inherited)",
					"$(PROJECT_DIR)",
					"\"$(SYSTEM_APPS_DIR)/Reveal.app/Contents/SharedSupport/iOS-Libraries\"",
				);
				INFOPLIST_FILE = AnimationDemo/Info.plist;
				LD_RUNPATH_SEARCH_PATHS = "$(inherited) @executable_path/Frameworks";
				OTHER_LDFLAGS = (
					"-ObjC",
					"-lz",
					"-framework",
					Reveal,
				);
				PRODUCT_BUNDLE_IDENTIFIER = com.sohu.AnimationDemo;
				PRODUCT_NAME = "$(TARGET_NAME)";
			};
			name = Release;
		};
/* End XCBuildConfiguration section */

/* Begin XCConfigurationList section */
		2929774A1E67C67B00462DCB /* Build configuration list for PBXProject "AnimationDemo" */ = {
			isa = XCConfigurationList;
			buildConfigurations = (
				292977641E67C67B00462DCB /* Debug */,
				292977651E67C67B00462DCB /* Release */,
			);
			defaultConfigurationIsVisible = 0;
			defaultConfigurationName = Release;
		};
		292977661E67C67B00462DCB /* Build configuration list for PBXNativeTarget "AnimationDemo" */ = {
			isa = XCConfigurationList;
			buildConfigurations = (
				292977671E67C67B00462DCB /* Debug */,
				292977681E67C67B00462DCB /* Release */,
			);
			defaultConfigurationIsVisible = 0;
		};
/* End XCConfigurationList section */
	};
	rootObject = 292977471E67C67B00462DCB /* Project object */;
}
